// !$*UTF8*$!
{
	archiveVersion = 1;
	classes = {
	};
	objectVersion = 51;
	objects = {

/* Begin PBXBuildFile section */
		3C2F35E9244D48C4008D24AC /* GoogleService-Info.plist in Resources */ = {isa = PBXBuildFile; fileRef = 3C2F35E8244D48C4008D24AC /* GoogleService-Info.plist */; };
		3C2F35EB244D5DF4008D24AC /* SignUpViewController.swift in Sources */ = {isa = PBXBuildFile; fileRef = 3C2F35EA244D5DF4008D24AC /* SignUpViewController.swift */; };
		3C2F35ED244D5E18008D24AC /* LoginViewController.swift in Sources */ = {isa = PBXBuildFile; fileRef = 3C2F35EC244D5E18008D24AC /* LoginViewController.swift */; };
		3C2F35EF244D5E43008D24AC /* HomeViewController.swift in Sources */ = {isa = PBXBuildFile; fileRef = 3C2F35EE244D5E43008D24AC /* HomeViewController.swift */; };
		3C4B23A5244DAA5200A3CE4B /* Utilities.swift in Sources */ = {isa = PBXBuildFile; fileRef = 3C4B23A4244DAA5200A3CE4B /* Utilities.swift */; };
		3CBA45212447EDF6004007E1 /* AppDelegate.swift in Sources */ = {isa = PBXBuildFile; fileRef = 3CBA45202447EDF6004007E1 /* AppDelegate.swift */; };
		3CBA45232447EDF6004007E1 /* SceneDelegate.swift in Sources */ = {isa = PBXBuildFile; fileRef = 3CBA45222447EDF6004007E1 /* SceneDelegate.swift */; };
		3CBA45252447EDF6004007E1 /* ViewController.swift in Sources */ = {isa = PBXBuildFile; fileRef = 3CBA45242447EDF6004007E1 /* ViewController.swift */; };
		3CBA45282447EDF6004007E1 /* Main.storyboard in Resources */ = {isa = PBXBuildFile; fileRef = 3CBA45262447EDF6004007E1 /* Main.storyboard */; };
		3CBA452A2447EDF8004007E1 /* Assets.xcassets in Resources */ = {isa = PBXBuildFile; fileRef = 3CBA45292447EDF8004007E1 /* Assets.xcassets */; };
		3CBA452D2447EDF8004007E1 /* LaunchScreen.storyboard in Resources */ = {isa = PBXBuildFile; fileRef = 3CBA452B2447EDF8004007E1 /* LaunchScreen.storyboard */; };
		D56A6FA56F8F91D069F8A38F /* Pods_my_english_app.framework in Frameworks */ = {isa = PBXBuildFile; fileRef = 25D1399F0513081875E42D7F /* Pods_my_english_app.framework */; };
/* End PBXBuildFile section */

/* Begin PBXFileReference section */
		1924DE86A98B14235CFE12F5 /* Pods-my_english_app.debug.xcconfig */ = {isa = PBXFileReference; includeInIndex = 1; lastKnownFileType = text.xcconfig; name = "Pods-my_english_app.debug.xcconfig"; path = "Target Support Files/Pods-my_english_app/Pods-my_english_app.debug.xcconfig"; sourceTree = "<group>"; };
		25D1399F0513081875E42D7F /* Pods_my_english_app.framework */ = {isa = PBXFileReference; explicitFileType = wrapper.framework; includeInIndex = 0; path = Pods_my_english_app.framework; sourceTree = BUILT_PRODUCTS_DIR; };
		3C2F35E8244D48C4008D24AC /* GoogleService-Info.plist */ = {isa = PBXFileReference; fileEncoding = 4; lastKnownFileType = text.plist.xml; path = "GoogleService-Info.plist"; sourceTree = "<group>"; };
		3C2F35EA244D5DF4008D24AC /* SignUpViewController.swift */ = {isa = PBXFileReference; lastKnownFileType = sourcecode.swift; path = SignUpViewController.swift; sourceTree = "<group>"; };
		3C2F35EC244D5E18008D24AC /* LoginViewController.swift */ = {isa = PBXFileReference; lastKnownFileType = sourcecode.swift; path = LoginViewController.swift; sourceTree = "<group>"; };
		3C2F35EE244D5E43008D24AC /* HomeViewController.swift */ = {isa = PBXFileReference; lastKnownFileType = sourcecode.swift; path = HomeViewController.swift; sourceTree = "<group>"; };
		3C4B23A4244DAA5200A3CE4B /* Utilities.swift */ = {isa = PBXFileReference; fileEncoding = 4; lastKnownFileType = sourcecode.swift; path = Utilities.swift; sourceTree = "<group>"; };
		3CBA451D2447EDF6004007E1 /* my_english_app.app */ = {isa = PBXFileReference; explicitFileType = wrapper.application; includeInIndex = 0; path = my_english_app.app; sourceTree = BUILT_PRODUCTS_DIR; };
		3CBA45202447EDF6004007E1 /* AppDelegate.swift */ = {isa = PBXFileReference; lastKnownFileType = sourcecode.swift; path = AppDelegate.swift; sourceTree = "<group>"; };
		3CBA45222447EDF6004007E1 /* SceneDelegate.swift */ = {isa = PBXFileReference; lastKnownFileType = sourcecode.swift; path = SceneDelegate.swift; sourceTree = "<group>"; };
		3CBA45242447EDF6004007E1 /* ViewController.swift */ = {isa = PBXFileReference; lastKnownFileType = sourcecode.swift; path = ViewController.swift; sourceTree = "<group>"; };
		3CBA45272447EDF6004007E1 /* Base */ = {isa = PBXFileReference; lastKnownFileType = file.storyboard; name = Base; path = Base.lproj/Main.storyboard; sourceTree = "<group>"; };
		3CBA45292447EDF8004007E1 /* Assets.xcassets */ = {isa = PBXFileReference; lastKnownFileType = folder.assetcatalog; path = Assets.xcassets; sourceTree = "<group>"; };
		3CBA452C2447EDF8004007E1 /* Base */ = {isa = PBXFileReference; lastKnownFileType = file.storyboard; name = Base; path = Base.lproj/LaunchScreen.storyboard; sourceTree = "<group>"; };
		3CBA452E2447EDF8004007E1 /* Info.plist */ = {isa = PBXFileReference; lastKnownFileType = text.plist.xml; path = Info.plist; sourceTree = "<group>"; };
		985ACBBD30C3D9591CE3F0DD /* Pods-my_english_app.release.xcconfig */ = {isa = PBXFileReference; includeInIndex = 1; lastKnownFileType = text.xcconfig; name = "Pods-my_english_app.release.xcconfig"; path = "Target Support Files/Pods-my_english_app/Pods-my_english_app.release.xcconfig"; sourceTree = "<group>"; };
/* End PBXFileReference section */

/* Begin PBXFrameworksBuildPhase section */
		3CBA451A2447EDF6004007E1 /* Frameworks */ = {
			isa = PBXFrameworksBuildPhase;
			buildActionMask = 2147483647;
			files = (
				D56A6FA56F8F91D069F8A38F /* Pods_my_english_app.framework in Frameworks */,
			);
			runOnlyForDeploymentPostprocessing = 0;
		};
/* End PBXFrameworksBuildPhase section */

/* Begin PBXGroup section */
		3C2F35F0244D5E54008D24AC /* ViewController */ = {
			isa = PBXGroup;
			children = (
				3C2F35EA244D5DF4008D24AC /* SignUpViewController.swift */,
				3C2F35EC244D5E18008D24AC /* LoginViewController.swift */,
				3C2F35EE244D5E43008D24AC /* HomeViewController.swift */,
				3CBA45242447EDF6004007E1 /* ViewController.swift */,
			);
			path = ViewController;
			sourceTree = "<group>";
		};
		3CBA45142447EDF6004007E1 = {
			isa = PBXGroup;
			children = (
				3CBA451F2447EDF6004007E1 /* my_english_app */,
				3CBA451E2447EDF6004007E1 /* Products */,
				DF5F640F7B4D81BC4CC427E3 /* Pods */,
				E9DCD0FBED77DD5F86C1C6AA /* Frameworks */,
			);
			sourceTree = "<group>";
		};
		3CBA451E2447EDF6004007E1 /* Products */ = {
			isa = PBXGroup;
			children = (
				3CBA451D2447EDF6004007E1 /* my_english_app.app */,
			);
			name = Products;
			sourceTree = "<group>";
		};
		3CBA451F2447EDF6004007E1 /* my_english_app */ = {
			isa = PBXGroup;
			children = (
				3CBA45202447EDF6004007E1 /* AppDelegate.swift */,
				3CBA45222447EDF6004007E1 /* SceneDelegate.swift */,
				3C4B23A4244DAA5200A3CE4B /* Utilities.swift */,
				3C2F35F0244D5E54008D24AC /* ViewController */,
				3CBA45262447EDF6004007E1 /* Main.storyboard */,
				3CBA45292447EDF8004007E1 /* Assets.xcassets */,
				3CBA452B2447EDF8004007E1 /* LaunchScreen.storyboard */,
				3CBA452E2447EDF8004007E1 /* Info.plist */,
				3C2F35E8244D48C4008D24AC /* GoogleService-Info.plist */,
			);
			path = my_english_app;
			sourceTree = "<group>";
		};
		DF5F640F7B4D81BC4CC427E3 /* Pods */ = {
			isa = PBXGroup;
			children = (
				1924DE86A98B14235CFE12F5 /* Pods-my_english_app.debug.xcconfig */,
				985ACBBD30C3D9591CE3F0DD /* Pods-my_english_app.release.xcconfig */,
			);
			path = Pods;
			sourceTree = "<group>";
		};
		E9DCD0FBED77DD5F86C1C6AA /* Frameworks */ = {
			isa = PBXGroup;
			children = (
				25D1399F0513081875E42D7F /* Pods_my_english_app.framework */,
			);
			name = Frameworks;
			sourceTree = "<group>";
		};
/* End PBXGroup section */

/* Begin PBXNativeTarget section */
		3CBA451C2447EDF6004007E1 /* my_english_app */ = {
			isa = PBXNativeTarget;
			buildConfigurationList = 3CBA45312447EDF8004007E1 /* Build configuration list for PBXNativeTarget "my_english_app" */;
			buildPhases = (
				04ECA4B5693CAA04EBAC51EA /* [CP] Check Pods Manifest.lock */,
				3CBA45192447EDF6004007E1 /* Sources */,
				3CBA451A2447EDF6004007E1 /* Frameworks */,
				3CBA451B2447EDF6004007E1 /* Resources */,
				BC92A3DA7520F925636150FE /* [CP] Embed Pods Frameworks */,
			);
			buildRules = (
			);
			dependencies = (
			);
			name = my_english_app;
			productName = my_english_app;
			productReference = 3CBA451D2447EDF6004007E1 /* my_english_app.app */;
			productType = "com.apple.product-type.application";
		};
/* End PBXNativeTarget section */

/* Begin PBXProject section */
		3CBA45152447EDF6004007E1 /* Project object */ = {
			isa = PBXProject;
			attributes = {
				LastSwiftUpdateCheck = 1140;
				LastUpgradeCheck = 1140;
				ORGANIZATIONNAME = Kim;
				TargetAttributes = {
					3CBA451C2447EDF6004007E1 = {
						CreatedOnToolsVersion = 11.4;
					};
				};
			};
			buildConfigurationList = 3CBA45182447EDF6004007E1 /* Build configuration list for PBXProject "my_english_app" */;
			compatibilityVersion = "Xcode 9.3";
			developmentRegion = en;
			hasScannedForEncodings = 0;
			knownRegions = (
				en,
				Base,
			);
			mainGroup = 3CBA45142447EDF6004007E1;
			productRefGroup = 3CBA451E2447EDF6004007E1 /* Products */;
			projectDirPath = "";
			projectRoot = "";
			targets = (
				3CBA451C2447EDF6004007E1 /* my_english_app */,
			);
		};
/* End PBXProject section */

/* Begin PBXResourcesBuildPhase section */
		3CBA451B2447EDF6004007E1 /* Resources */ = {
			isa = PBXResourcesBuildPhase;
			buildActionMask = 2147483647;
			files = (
				3CBA452D2447EDF8004007E1 /* LaunchScreen.storyboard in Resources */,
				3C2F35E9244D48C4008D24AC /* GoogleService-Info.plist in Resources */,
				3CBA452A2447EDF8004007E1 /* Assets.xcassets in Resources */,
				3CBA45282447EDF6004007E1 /* Main.storyboard in Resources */,
			);
			runOnlyForDeploymentPostprocessing = 0;
		};
/* End PBXResourcesBuildPhase section */

/* Begin PBXShellScriptBuildPhase section */
		04ECA4B5693CAA04EBAC51EA /* [CP] Check Pods Manifest.lock */ = {
			isa = PBXShellScriptBuildPhase;
			buildActionMask = 2147483647;
			files = (
			);
			inputFileListPaths = (
			);
			inputPaths = (
				"${PODS_PODFILE_DIR_PATH}/Podfile.lock",
				"${PODS_ROOT}/Manifest.lock",
			);
			name = "[CP] Check Pods Manifest.lock";
			outputFileListPaths = (
			);
			outputPaths = (
				"$(DERIVED_FILE_DIR)/Pods-my_english_app-checkManifestLockResult.txt",
			);
			runOnlyForDeploymentPostprocessing = 0;
			shellPath = /bin/sh;
			shellScript = "diff \"${PODS_PODFILE_DIR_PATH}/Podfile.lock\" \"${PODS_ROOT}/Manifest.lock\" > /dev/null\nif [ $? != 0 ] ; then\n    # print error to STDERR\n    echo \"error: The sandbox is not in sync with the Podfile.lock. Run 'pod install' or update your CocoaPods installation.\" >&2\n    exit 1\nfi\n# This output is used by Xcode 'outputs' to avoid re-running this script phase.\necho \"SUCCESS\" > \"${SCRIPT_OUTPUT_FILE_0}\"\n";
			showEnvVarsInLog = 0;
		};
		BC92A3DA7520F925636150FE /* [CP] Embed Pods Frameworks */ = {
			isa = PBXShellScriptBuildPhase;
			buildActionMask = 2147483647;
			files = (
			);
			inputFileListPaths = (
				"${PODS_ROOT}/Target Support Files/Pods-my_english_app/Pods-my_english_app-frameworks-${CONFIGURATION}-input-files.xcfilelist",
			);
			name = "[CP] Embed Pods Frameworks";
			outputFileListPaths = (
				"${PODS_ROOT}/Target Support Files/Pods-my_english_app/Pods-my_english_app-frameworks-${CONFIGURATION}-output-files.xcfilelist",
			);
			runOnlyForDeploymentPostprocessing = 0;
			shellPath = /bin/sh;
			shellScript = "\"${PODS_ROOT}/Target Support Files/Pods-my_english_app/Pods-my_english_app-frameworks.sh\"\n";
			showEnvVarsInLog = 0;
		};
/* End PBXShellScriptBuildPhase section */

/* Begin PBXSourcesBuildPhase section */
		3CBA45192447EDF6004007E1 /* Sources */ = {
			isa = PBXSourcesBuildPhase;
			buildActionMask = 2147483647;
			files = (
				3CBA45252447EDF6004007E1 /* ViewController.swift in Sources */,
				3CBA45212447EDF6004007E1 /* AppDelegate.swift in Sources */,
				3C4B23A5244DAA5200A3CE4B /* Utilities.swift in Sources */,
				3C2F35EB244D5DF4008D24AC /* SignUpViewController.swift in Sources */,
				3C2F35ED244D5E18008D24AC /* LoginViewController.swift in Sources */,
				3CBA45232447EDF6004007E1 /* SceneDelegate.swift in Sources */,
				3C2F35EF244D5E43008D24AC /* HomeViewController.swift in Sources */,
			);
			runOnlyForDeploymentPostprocessing = 0;
		};
/* End PBXSourcesBuildPhase section */

/* Begin PBXVariantGroup section */
		3CBA45262447EDF6004007E1 /* Main.storyboard */ = {
			isa = PBXVariantGroup;
			children = (
				3CBA45272447EDF6004007E1 /* Base */,
			);
			name = Main.storyboard;
			sourceTree = "<group>";
		};
		3CBA452B2447EDF8004007E1 /* LaunchScreen.storyboard */ = {
			isa = PBXVariantGroup;
			children = (
				3CBA452C2447EDF8004007E1 /* Base */,
			);
			name = LaunchScreen.storyboard;
			sourceTree = "<group>";
		};
/* End PBXVariantGroup section */

/* Begin XCBuildConfiguration section */
		3CBA452F2447EDF8004007E1 /* Debug */ = {
			isa = XCBuildConfiguration;
			buildSettings = {
				ALWAYS_SEARCH_USER_PATHS = NO;
				CLANG_ANALYZER_NONNULL = YES;
				CLANG_ANALYZER_NUMBER_OBJECT_CONVERSION = YES_AGGRESSIVE;
				CLANG_CXX_LANGUAGE_STANDARD = "gnu++14";
				CLANG_CXX_LIBRARY = "libc++";
				CLANG_ENABLE_MODULES = YES;
				CLANG_ENABLE_OBJC_ARC = YES;
				CLANG_ENABLE_OBJC_WEAK = YES;
				CLANG_WARN_BLOCK_CAPTURE_AUTORELEASING = YES;
				CLANG_WARN_BOOL_CONVERSION = YES;
				CLANG_WARN_COMMA = YES;
				CLANG_WARN_CONSTANT_CONVERSION = YES;
				CLANG_WARN_DEPRECATED_OBJC_IMPLEMENTATIONS = YES;
				CLANG_WARN_DIRECT_OBJC_ISA_USAGE = YES_ERROR;
				CLANG_WARN_DOCUMENTATION_COMMENTS = YES;
				CLANG_WARN_EMPTY_BODY = YES;
				CLANG_WARN_ENUM_CONVERSION = YES;
				CLANG_WARN_INFINITE_RECURSION = YES;
				CLANG_WARN_INT_CONVERSION = YES;
				CLANG_WARN_NON_LITERAL_NULL_CONVERSION = YES;
				CLANG_WARN_OBJC_IMPLICIT_RETAIN_SELF = YES;
				CLANG_WARN_OBJC_LITERAL_CONVERSION = YES;
				CLANG_WARN_OBJC_ROOT_CLASS = YES_ERROR;
				CLANG_WARN_RANGE_LOOP_ANALYSIS = YES;
				CLANG_WARN_STRICT_PROTOTYPES = YES;
				CLANG_WARN_SUSPICIOUS_MOVE = YES;
				CLANG_WARN_UNGUARDED_AVAILABILITY = YES_AGGRESSIVE;
				CLANG_WARN_UNREACHABLE_CODE = YES;
				CLANG_WARN__DUPLICATE_METHOD_MATCH = YES;
				COPY_PHASE_STRIP = NO;
				DEBUG_INFORMATION_FORMAT = dwarf;
				ENABLE_STRICT_OBJC_MSGSEND = YES;
				ENABLE_TESTABILITY = YES;
				GCC_C_LANGUAGE_STANDARD = gnu11;
				GCC_DYNAMIC_NO_PIC = NO;
				GCC_NO_COMMON_BLOCKS = YES;
				GCC_OPTIMIZATION_LEVEL = 0;
				GCC_PREPROCESSOR_DEFINITIONS = (
					"DEBUG=1",
					"$(inherited)",
				);
				GCC_WARN_64_TO_32_BIT_CONVERSION = YES;
				GCC_WARN_ABOUT_RETURN_TYPE = YES_ERROR;
				GCC_WARN_UNDECLARED_SELECTOR = YES;
				GCC_WARN_UNINITIALIZED_AUTOS = YES_AGGRESSIVE;
				GCC_WARN_UNUSED_FUNCTION = YES;
				GCC_WARN_UNUSED_VARIABLE = YES;
				IPHONEOS_DEPLOYMENT_TARGET = 13.4;
				MTL_ENABLE_DEBUG_INFO = INCLUDE_SOURCE;
				MTL_FAST_MATH = YES;
				ONLY_ACTIVE_ARCH = YES;
				SDKROOT = iphoneos;
				SWIFT_ACTIVE_COMPILATION_CONDITIONS = DEBUG;
				SWIFT_OPTIMIZATION_LEVEL = "-Onone";
			};
			name = Debug;
		};
		3CBA45302447EDF8004007E1 /* Release */ = {
			isa = XCBuildConfiguration;
			buildSettings = {
				ALWAYS_SEARCH_USER_PATHS = NO;
				CLANG_ANALYZER_NONNULL = YES;
				CLANG_ANALYZER_NUMBER_OBJECT_CONVERSION = YES_AGGRESSIVE;
				CLANG_CXX_LANGUAGE_STANDARD = "gnu++14";
				CLANG_CXX_LIBRARY = "libc++";
				CLANG_ENABLE_MODULES = YES;
				CLANG_ENABLE_OBJC_ARC = YES;
				CLANG_ENABLE_OBJC_WEAK = YES;
				CLANG_WARN_BLOCK_CAPTURE_AUTORELEASING = YES;
				CLANG_WARN_BOOL_CONVERSION = YES;
				CLANG_WARN_COMMA = YES;
				CLANG_WARN_CONSTANT_CONVERSION = YES;
				CLANG_WARN_DEPRECATED_OBJC_IMPLEMENTATIONS = YES;
				CLANG_WARN_DIRECT_OBJC_ISA_USAGE = YES_ERROR;
				CLANG_WARN_DOCUMENTATION_COMMENTS = YES;
				CLANG_WARN_EMPTY_BODY = YES;
				CLANG_WARN_ENUM_CONVERSION = YES;
				CLANG_WARN_INFINITE_RECURSION = YES;
				CLANG_WARN_INT_CONVERSION = YES;
				CLANG_WARN_NON_LITERAL_NULL_CONVERSION = YES;
				CLANG_WARN_OBJC_IMPLICIT_RETAIN_SELF = YES;
				CLANG_WARN_OBJC_LITERAL_CONVERSION = YES;
				CLANG_WARN_OBJC_ROOT_CLASS = YES_ERROR;
				CLANG_WARN_RANGE_LOOP_ANALYSIS = YES;
				CLANG_WARN_STRICT_PROTOTYPES = YES;
				CLANG_WARN_SUSPICIOUS_MOVE = YES;
				CLANG_WARN_UNGUARDED_AVAILABILITY = YES_AGGRESSIVE;
				CLANG_WARN_UNREACHABLE_CODE = YES;
				CLANG_WARN__DUPLICATE_METHOD_MATCH = YES;
				COPY_PHASE_STRIP = NO;
				DEBUG_INFORMATION_FORMAT = "dwarf-with-dsym";
				ENABLE_NS_ASSERTIONS = NO;
				ENABLE_STRICT_OBJC_MSGSEND = YES;
				GCC_C_LANGUAGE_STANDARD = gnu11;
				GCC_NO_COMMON_BLOCKS = YES;
				GCC_WARN_64_TO_32_BIT_CONVERSION = YES;
				GCC_WARN_ABOUT_RETURN_TYPE = YES_ERROR;
				GCC_WARN_UNDECLARED_SELECTOR = YES;
				GCC_WARN_UNINITIALIZED_AUTOS = YES_AGGRESSIVE;
				GCC_WARN_UNUSED_FUNCTION = YES;
				GCC_WARN_UNUSED_VARIABLE = YES;
				IPHONEOS_DEPLOYMENT_TARGET = 13.4;
				MTL_ENABLE_DEBUG_INFO = NO;
				MTL_FAST_MATH = YES;
				SDKROOT = iphoneos;
				SWIFT_COMPILATION_MODE = wholemodule;
				SWIFT_OPTIMIZATION_LEVEL = "-O";
				VALIDATE_PRODUCT = YES;
			};
			name = Release;
		};
		3CBA45322447EDF8004007E1 /* Debug */ = {
			isa = XCBuildConfiguration;
			baseConfigurationReference = 1924DE86A98B14235CFE12F5 /* Pods-my_english_app.debug.xcconfig */;
			buildSettings = {
				ASSETCATALOG_COMPILER_APPICON_NAME = AppIcon;
				CODE_SIGN_STYLE = Automatic;
				INFOPLIST_FILE = my_english_app/Info.plist;
				LD_RUNPATH_SEARCH_PATHS = (
					"$(inherited)",
					"@executable_path/Frameworks",
				);
				PRODUCT_BUNDLE_IDENTIFIER = "jp.co.museit.kim.my-english-app";
				PRODUCT_NAME = "$(TARGET_NAME)";
				SWIFT_VERSION = 5.0;
				TARGETED_DEVICE_FAMILY = "1,2";
			};
			name = Debug;
		};
		3CBA45332447EDF8004007E1 /* Release */ = {
			isa = XCBuildConfiguration;
			baseConfigurationReference = 985ACBBD30C3D9591CE3F0DD /* Pods-my_english_app.release.xcconfig */;
			buildSettings = {
				ASSETCATALOG_COMPILER_APPICON_NAME = AppIcon;
				CODE_SIGN_STYLE = Automatic;
				INFOPLIST_FILE = my_english_app/Info.plist;
				LD_RUNPATH_SEARCH_PATHS = (
					"$(inherited)",
					"@executable_path/Frameworks",
				);
				PRODUCT_BUNDLE_IDENTIFIER = "jp.co.museit.kim.my-english-app";
				PRODUCT_NAME = "$(TARGET_NAME)";
				SWIFT_VERSION = 5.0;
				TARGETED_DEVICE_FAMILY = "1,2";
			};
			name = Release;
		};
/* End XCBuildConfiguration section */

/* Begin XCConfigurationList section */
		3CBA45182447EDF6004007E1 /* Build configuration list for PBXProject "my_english_app" */ = {
			isa = XCConfigurationList;
			buildConfigurations = (
				3CBA452F2447EDF8004007E1 /* Debug */,
				3CBA45302447EDF8004007E1 /* Release */,
			);
			defaultConfigurationIsVisible = 0;
			defaultConfigurationName = Release;
		};
		3CBA45312447EDF8004007E1 /* Build configuration list for PBXNativeTarget "my_english_app" */ = {
			isa = XCConfigurationList;
			buildConfigurations = (
				3CBA45322447EDF8004007E1 /* Debug */,
				3CBA45332447EDF8004007E1 /* Release */,
			);
			defaultConfigurationIsVisible = 0;
			defaultConfigurationName = Release;
		};
/* End XCConfigurationList section */
	};
	rootObject = 3CBA45152447EDF6004007E1 /* Project object */;
}
